
Microsoft Visual Studio Solution File, Format Version 12.00
# Visual Studio 15
VisualStudioVersion = 15.0.26430.6
MinimumVisualStudioVersion = 10.0.40219.1
Project("{FAE04EC0-301F-11D3-BF4B-00C04F79EFBC}") = "Boilerplate.Business", "Boilerplate.Business\Boilerplate.Business.csproj", "{CF056B7D-F72C-42FE-B538-DE3BE1092B87}"
EndProject
Project("{FAE04EC0-301F-11D3-BF4B-00C04F79EFBC}") = "Boilerplate.EFCore", "Boilerplate.EFCore\Boilerplate.EFCore.csproj", "{325F9519-4470-424E-BC43-E5E5D95938BE}"
EndProject
Project("{FAE04EC0-301F-11D3-BF4B-00C04F79EFBC}") = "Boilerplate.Shared", "Boilerplate.Shared\Boilerplate.Shared.csproj", "{2648C983-271D-4CB6-9D62-2FD24C3DB15A}"
EndProject
Project("{FAE04EC0-301F-11D3-BF4B-00C04F79EFBC}") = "Boilerplate.CMS", "Boilerplate.CMS\Boilerplate.CMS.csproj", "{66CC3F88-E697-4B16-8CE9-AD8B796E4415}"
EndProject
Project("{FAE04EC0-301F-11D3-BF4B-00C04F79EFBC}") = "Boilerplate.Utility", "Boilerplate.Utility\Boilerplate.Utility.csproj", "{AA831D7C-D508-4108-9932-A91130F5696C}"
EndProject
Project("{FAE04EC0-301F-11D3-BF4B-00C04F79EFBC}") = "Boilerplate.Api", "Boilerplate.Api\Boilerplate.Api.csproj", "{0E1D2C30-2D8C-4CDB-B643-F09E7DCE168B}"
EndProject
Global
	GlobalSection(SolutionConfigurationPlatforms) = preSolution
		Debug|Any CPU = Debug|Any CPU
		Release|Any CPU = Release|Any CPU
	EndGlobalSection
	GlobalSection(ProjectConfigurationPlatforms) = postSolution
		{CF056B7D-F72C-42FE-B538-DE3BE1092B87}.Debug|Any CPU.ActiveCfg = Debug|Any CPU
		{CF056B7D-F72C-42FE-B538-DE3BE1092B87}.Debug|Any CPU.Build.0 = Debug|Any CPU
		{CF056B7D-F72C-42FE-B538-DE3BE1092B87}.Release|Any CPU.ActiveCfg = Release|Any CPU
		{CF056B7D-F72C-42FE-B538-DE3BE1092B87}.Release|Any CPU.Build.0 = Release|Any CPU
		{325F9519-4470-424E-BC43-E5E5D95938BE}.Debug|Any CPU.ActiveCfg = Debug|Any CPU
		{325F9519-4470-424E-BC43-E5E5D95938BE}.Debug|Any CPU.Build.0 = Debug|Any CPU
		{325F9519-4470-424E-BC43-E5E5D95938BE}.Release|Any CPU.ActiveCfg = Release|Any CPU
		{325F9519-4470-424E-BC43-E5E5D95938BE}.Release|Any CPU.Build.0 = Release|Any CPU
		{2648C983-271D-4CB6-9D62-2FD24C3DB15A}.Debug|Any CPU.ActiveCfg = Debug|Any CPU
		{2648C983-271D-4CB6-9D62-2FD24C3DB15A}.Debug|Any CPU.Build.0 = Debug|Any CPU
		{2648C983-271D-4CB6-9D62-2FD24C3DB15A}.Release|Any CPU.ActiveCfg = Release|Any CPU
		{2648C983-271D-4CB6-9D62-2FD24C3DB15A}.Release|Any CPU.Build.0 = Release|Any CPU
		{66CC3F88-E697-4B16-8CE9-AD8B796E4415}.Debug|Any CPU.ActiveCfg = Debug|Any CPU
		{66CC3F88-E697-4B16-8CE9-AD8B796E4415}.Debug|Any CPU.Build.0 = Debug|Any CPU
		{66CC3F88-E697-4B16-8CE9-AD8B796E4415}.Release|Any CPU.ActiveCfg = Release|Any CPU
		{66CC3F88-E697-4B16-8CE9-AD8B796E4415}.Release|Any CPU.Build.0 = Release|Any CPU
		{AA831D7C-D508-4108-9932-A91130F5696C}.Debug|Any CPU.ActiveCfg = Debug|Any CPU
		{AA831D7C-D508-4108-9932-A91130F5696C}.Debug|Any CPU.Build.0 = Debug|Any CPU
		{AA831D7C-D508-4108-9932-A91130F5696C}.Release|Any CPU.ActiveCfg = Release|Any CPU
		{AA831D7C-D508-4108-9932-A91130F5696C}.Release|Any CPU.Build.0 = Release|Any CPU
		{0E1D2C30-2D8C-4CDB-B643-F09E7DCE168B}.Debug|Any CPU.ActiveCfg = Debug|Any CPU
		{0E1D2C30-2D8C-4CDB-B643-F09E7DCE168B}.Debug|Any CPU.Build.0 = Debug|Any CPU
		{0E1D2C30-2D8C-4CDB-B643-F09E7DCE168B}.Release|Any CPU.ActiveCfg = Release|Any CPU
		{0E1D2C30-2D8C-4CDB-B643-F09E7DCE168B}.Release|Any CPU.Build.0 = Release|Any CPU
	EndGlobalSection
	GlobalSection(SolutionProperties) = preSolution
		HideSolutionNode = FALSE
	EndGlobalSection
EndGlobal
